
Microsoft Visual Studio Solution File, Format Version 12.00
# Visual Studio Version 16
VisualStudioVersion = 16.0.32602.290
MinimumVisualStudioVersion = 10.0.40219.1
Project("{FAE04EC0-301F-11D3-BF4B-00C04F79EFBC}") = "HTProject", "HTProject.csproj", "{3176E9C1-B578-43A9-80C1-549FD5D84065}"
EndProject
Global
	GlobalSection(SolutionConfigurationPlatforms) = preSolution
		Debug|Any CPU = Debug|Any CPU
		Release|Any CPU = Release|Any CPU
	EndGlobalSection
	GlobalSection(ProjectConfigurationPlatforms) = postSolution
		{3176E9C1-B578-43A9-80C1-549FD5D84065}.Debug|Any CPU.ActiveCfg = Debug|Any CPU
		{3176E9C1-B578-43A9-80C1-549FD5D84065}.Debug|Any CPU.Build.0 = Debug|Any CPU
		{3176E9C1-B578-43A9-80C1-549FD5D84065}.Release|Any CPU.ActiveCfg = Release|Any CPU
		{3176E9C1-B578-43A9-80C1-549FD5D84065}.Release|Any CPU.Build.0 = Release|Any CPU
	EndGlobalSection
	GlobalSection(SolutionProperties) = preSolution
		HideSolutionNode = FALSE
	EndGlobalSection
	GlobalSection(ExtensibilityGlobals) = postSolution
		SolutionGuid = {869B9540-6609-479B-A677-D50B75FDE0BA}
	EndGlobalSection
EndGlobal
